
Microsoft Visual Studio Solution File, Format Version 12.00
Project("{FAE04EC0-301F-11D3-BF4B-00C04F79EFBC}") = "LeastSquaresPositioning", "LeastSquaresPositioning\LeastSquaresPositioning.csproj", "{A225D55B-A15C-45F8-ADF4-007B1766C401}"
EndProject
Project("{FAE04EC0-301F-11D3-BF4B-00C04F79EFBC}") = "Tests", "Tests\Tests.csproj", "{E95A0E2D-14E6-46A8-8C26-3051195BA290}"
EndProject
Global
	GlobalSection(SolutionConfigurationPlatforms) = preSolution
		Debug|Any CPU = Debug|Any CPU
		Release|Any CPU = Release|Any CPU
	EndGlobalSection
	GlobalSection(ProjectConfigurationPlatforms) = postSolution
		{A225D55B-A15C-45F8-ADF4-007B1766C401}.Debug|Any CPU.ActiveCfg = Debug|Any CPU
		{A225D55B-A15C-45F8-ADF4-007B1766C401}.Debug|Any CPU.Build.0 = Debug|Any CPU
		{A225D55B-A15C-45F8-ADF4-007B1766C401}.Release|Any CPU.ActiveCfg = Release|Any CPU
		{A225D55B-A15C-45F8-ADF4-007B1766C401}.Release|Any CPU.Build.0 = Release|Any CPU
		{E95A0E2D-14E6-46A8-8C26-3051195BA290}.Debug|Any CPU.ActiveCfg = Debug|Any CPU
		{E95A0E2D-14E6-46A8-8C26-3051195BA290}.Debug|Any CPU.Build.0 = Debug|Any CPU
		{E95A0E2D-14E6-46A8-8C26-3051195BA290}.Release|Any CPU.ActiveCfg = Release|Any CPU
		{E95A0E2D-14E6-46A8-8C26-3051195BA290}.Release|Any CPU.Build.0 = Release|Any CPU
	EndGlobalSection
EndGlobal
